Microsoft Visual Studio Solution File, Format Version 12.00
# Visual Studio Version 17
VisualStudioVersion = 17.14.36511.14
MinimumVisualStudioVersion = 10.0.40219.1
Project("{FAE04EC0-301F-11D3-BF4B-00C04F79EFBC}") = "MyBlazorHybridApp", "MyBlazorHybridApp\MyBlazorHybridApp.csproj", "{6AF1B664-B81C-40BE-8E97-F93F6D536365}"
EndProject
Project("{FAE04EC0-301F-11D3-BF4B-00C04F79EFBC}") = "MyBlazorHybridApp.Shared", "MyBlazorHybridApp.Shared\MyBlazorHybridApp.Shared.csproj", "{4332F251-CAB5-4FDF-8A6F-53AFC4A242D8}"
EndProject
Project("{FAE04EC0-301F-11D3-BF4B-00C04F79EFBC}") = "MyBlazorHybridApp.Web", "MyBlazorHybridApp.Web\MyBlazorHybridApp.Web.csproj", "{CC14EB7F-6760-4085-A257-7D0836908A74}"
EndProject
Project("{FAE04EC0-301F-11D3-BF4B-00C04F79EFBC}") = "MyBlazorHybridApp.Web.Client", "MyBlazorHybridApp.Web.Client\MyBlazorHybridApp.Web.Client.csproj", "{75E94D44-F248-4A89-9027-7F0AFE2C6F25}"
EndProject
Project("{FAE04EC0-301F-11D3-BF4B-00C04F79EFBC}") = "MyBlazorHybridApp.Backend", "MyBlazorHybridApp.Backend\MyBlazorHybridApp.Backend.csproj", "{DC25B089-39D7-43D5-BDAB-4DB371FA7F93}"
EndProject
Global
	GlobalSection(SolutionConfigurationPlatforms) = preSolution
		Debug|Any CPU = Debug|Any CPU
		Release|Any CPU = Release|Any CPU
	EndGlobalSection
	GlobalSection(ProjectConfigurationPlatforms) = postSolution
		{6AF1B664-B81C-40BE-8E97-F93F6D536365}.Debug|Any CPU.ActiveCfg = Debug|Any CPU
		{6AF1B664-B81C-40BE-8E97-F93F6D536365}.Debug|Any CPU.Build.0 = Debug|Any CPU
		{6AF1B664-B81C-40BE-8E97-F93F6D536365}.Debug|Any CPU.Deploy.0 = Debug|Any CPU
		{6AF1B664-B81C-40BE-8E97-F93F6D536365}.Release|Any CPU.ActiveCfg = Release|Any CPU
		{6AF1B664-B81C-40BE-8E97-F93F6D536365}.Release|Any CPU.Build.0 = Release|Any CPU
		{4332F251-CAB5-4FDF-8A6F-53AFC4A242D8}.Debug|Any CPU.ActiveCfg = Debug|Any CPU
		{4332F251-CAB5-4FDF-8A6F-53AFC4A242D8}.Debug|Any CPU.Build.0 = Debug|Any CPU
		{4332F251-CAB5-4FDF-8A6F-53AFC4A242D8}.Release|Any CPU.ActiveCfg = Release|Any CPU
		{4332F251-CAB5-4FDF-8A6F-53AFC4A242D8}.Release|Any CPU.Build.0 = Release|Any CPU
		{CC14EB7F-6760-4085-A257-7D0836908A74}.Debug|Any CPU.ActiveCfg = Debug|Any CPU
		{CC14EB7F-6760-4085-A257-7D0836908A74}.Debug|Any CPU.Build.0 = Debug|Any CPU
		{CC14EB7F-6760-4085-A257-7D0836908A74}.Release|Any CPU.ActiveCfg = Release|Any CPU
		{CC14EB7F-6760-4085-A257-7D0836908A74}.Release|Any CPU.Build.0 = Release|Any CPU
		{75E94D44-F248-4A89-9027-7F0AFE2C6F25}.Debug|Any CPU.ActiveCfg = Debug|Any CPU
		{75E94D44-F248-4A89-9027-7F0AFE2C6F25}.Debug|Any CPU.Build.0 = Debug|Any CPU
		{75E94D44-F248-4A89-9027-7F0AFE2C6F25}.Release|Any CPU.ActiveCfg = Release|Any CPU
		{75E94D44-F248-4A89-9027-7F0AFE2C6F25}.Release|Any CPU.Build.0 = Release|Any CPU
		{DC25B089-39D7-43D5-BDAB-4DB371FA7F93}.Debug|Any CPU.ActiveCfg = Debug|Any CPU
		{DC25B089-39D7-43D5-BDAB-4DB371FA7F93}.Debug|Any CPU.Build.0 = Debug|Any CPU
		{DC25B089-39D7-43D5-BDAB-4DB371FA7F93}.Release|Any CPU.ActiveCfg = Release|Any CPU
		{DC25B089-39D7-43D5-BDAB-4DB371FA7F93}.Release|Any CPU.Build.0 = Release|Any CPU
	EndGlobalSection
	GlobalSection(SolutionProperties) = preSolution
		HideSolutionNode = FALSE
	EndGlobalSection
	GlobalSection(ExtensibilityGlobals) = postSolution
		SolutionGuid = {7B478EA0-8BF1-4530-A2C5-66C3B0357351}
	EndGlobalSection
EndGlobal
